PODS:
  - GCDWebServer (3.5.4):
    - GCDWebServer/Core (= 3.5.4)
  - GCDWebServer/Core (3.5.4)
  - GCDWebServer/WebDAV (3.5.4):
    - GCDWebServer/Core
  - GCDWebServer/WebUploader (3.5.4):
    - GCDWebServer/Core

DEPENDENCIES:
  - GCDWebServer (~> 3.0)
  - GCDWebServer/WebDAV (~> 3.0)
  - GCDWebServer/WebUploader (~> 3.0)

SPEC REPOS:
  trunk:
    - GCDWebServer

SPEC CHECKSUMS:
  GCDWebServer: 2c156a56c8226e2d5c0c3f208a3621ccffbe3ce4

PODFILE CHECKSUM: 05514e1cef8b2520ea3ffd334bba157d27f7ce99

COCOAPODS: 1.10.1
