{
  "object": {
    "pins": [
      {
        "package": "SWXMLHash",
        "repositoryURL": "https://github.com/drmohundro/SWXMLHash.git",
        "state": {
          "branch": null,
          "revision": "9183170d20857753d4f331b0ca63f73c60764bf3",
          "version": "5.0.2"
        }
      },
      {
        "package": "WebDAV",
        "repositoryURL": "https://github.com/Isvvc/WebDAV-Swift.git",
        "state": {
          "branch": null,
          "revision": "ef89fdcbf62cb4863fa3e6f6d4d8608d9cfcce38",
          "version": "3.1.3"
        }
      }
    ]
  },
  "version": 1
}
